
Microsoft Visual Studio Solution File, Format Version 12.00
# Visual Studio Version 16
VisualStudioVersion = 16.0.29613.14
MinimumVisualStudioVersion = 10.0.40219.1
Project("{FAE04EC0-301F-11D3-BF4B-00C04F79EFBC}") = "BudgetTool.API", "BudgetTool.API\BudgetTool.API.csproj", "{9162FA35-AFB6-469B-8401-98B46C4A28B5}"
EndProject
Project("{FAE04EC0-301F-11D3-BF4B-00C04F79EFBC}") = "BudgetTool.DAL", "DAL\BudgetTool.DAL.csproj", "{55323ED5-3EC8-4318-8EC9-62AF608408C6}"
EndProject
Global
	GlobalSection(SolutionConfigurationPlatforms) = preSolution
		Debug|Any CPU = Debug|Any CPU
		Release|Any CPU = Release|Any CPU
	EndGlobalSection
	GlobalSection(ProjectConfigurationPlatforms) = postSolution
		{9162FA35-AFB6-469B-8401-98B46C4A28B5}.Debug|Any CPU.ActiveCfg = Debug|Any CPU
		{9162FA35-AFB6-469B-8401-98B46C4A28B5}.Debug|Any CPU.Build.0 = Debug|Any CPU
		{9162FA35-AFB6-469B-8401-98B46C4A28B5}.Release|Any CPU.ActiveCfg = Release|Any CPU
		{9162FA35-AFB6-469B-8401-98B46C4A28B5}.Release|Any CPU.Build.0 = Release|Any CPU
		{55323ED5-3EC8-4318-8EC9-62AF608408C6}.Debug|Any CPU.ActiveCfg = Debug|Any CPU
		{55323ED5-3EC8-4318-8EC9-62AF608408C6}.Debug|Any CPU.Build.0 = Debug|Any CPU
		{55323ED5-3EC8-4318-8EC9-62AF608408C6}.Release|Any CPU.ActiveCfg = Release|Any CPU
		{55323ED5-3EC8-4318-8EC9-62AF608408C6}.Release|Any CPU.Build.0 = Release|Any CPU
	EndGlobalSection
	GlobalSection(SolutionProperties) = preSolution
		HideSolutionNode = FALSE
	EndGlobalSection
	GlobalSection(ExtensibilityGlobals) = postSolution
		SolutionGuid = {4ED6FD55-BE16-46BF-A5AB-F45FD5893024}
	EndGlobalSection
EndGlobal
